
Microsoft Visual Studio Solution File, Format Version 12.00
# Visual Studio Version 16
VisualStudioVersion = 16.0.29920.165
MinimumVisualStudioVersion = 10.0.40219.1
Project("{8BC9CEB8-8B4A-11D0-8D11-00A0C91BC942}") = "CS210Project2", "CS210Project2.vcxproj", "{D52F2141-A829-464E-9647-B1F691595BFF}"
EndProject
Global
	GlobalSection(SolutionConfigurationPlatforms) = preSolution
		Debug|x64 = Debug|x64
		Debug|x86 = Debug|x86
		Release|x64 = Release|x64
		Release|x86 = Release|x86
	EndGlobalSection
	GlobalSection(ProjectConfigurationPlatforms) = postSolution
		{D52F2141-A829-464E-9647-B1F691595BFF}.Debug|x64.ActiveCfg = Debug|x64
		{D52F2141-A829-464E-9647-B1F691595BFF}.Debug|x64.Build.0 = Debug|x64
		{D52F2141-A829-464E-9647-B1F691595BFF}.Debug|x86.ActiveCfg = Debug|Win32
		{D52F2141-A829-464E-9647-B1F691595BFF}.Debug|x86.Build.0 = Debug|Win32
		{D52F2141-A829-464E-9647-B1F691595BFF}.Release|x64.ActiveCfg = Release|x64
		{D52F2141-A829-464E-9647-B1F691595BFF}.Release|x64.Build.0 = Release|x64
		{D52F2141-A829-464E-9647-B1F691595BFF}.Release|x86.ActiveCfg = Release|Win32
		{D52F2141-A829-464E-9647-B1F691595BFF}.Release|x86.Build.0 = Release|Win32
	EndGlobalSection
	GlobalSection(SolutionProperties) = preSolution
		HideSolutionNode = FALSE
	EndGlobalSection
	GlobalSection(ExtensibilityGlobals) = postSolution
		SolutionGuid = {B1B99A9A-8D47-4618-A612-A55960508898}
	EndGlobalSection
EndGlobal
